<?xml version="1.0" encoding="UTF-8" standalone="yes" ?>
<CodeBlocks_project_file>
	<FileVersion major="1" minor="6" />
	<Project>
		<Option title="libpwx" />
		<Option makefile_is_custom="1" />
		<Option execution_dir="/home/sed/pryde/PrydeWorX/pwxLib" />
		<Option pch_mode="2" />
		<Option compiler="gcc" />
		<Build>
			<Target title="clean">
				<Option output="../libpwx" prefix_auto="1" extension_auto="1" />
				<Option object_output="./" />
				<Option type="1" />
				<Option compiler="gcc" />
				<Compiler>
					<Add option="-g" />
				</Compiler>
			</Target>
			<Target title="library">
				<Option output="../libpwx" prefix_auto="1" extension_auto="1" />
				<Option object_output="./" />
				<Option type="1" />
				<Option compiler="gcc" />
				<Compiler>
					<Add option="-O2" />
				</Compiler>
				<Linker>
					<Add option="-s" />
				</Linker>
			</Target>
		</Build>
		<Compiler>
			<Add option="-Wall" />
			<Add option="-DPWX_THREADS" />
		</Compiler>
		<Unit filename="../AUTHORS" />
		<Unit filename="../COPYING" />
		<Unit filename="../ChangeLog" />
		<Unit filename="../Doxyfile" />
		<Unit filename="../INSTALL" />
		<Unit filename="../Makefile" />
		<Unit filename="../README" />
		<Unit filename="../TODO" />
		<Unit filename="../src/pwx.h" />
		<Unit filename="../src/pwx/base/VContainer.cpp" />
		<Unit filename="../src/pwx/base/VContainer.h" />
		<Unit filename="../src/pwx/container.h" />
		<Unit filename="../src/pwx/container/TDoubleList.h" />
		<Unit filename="../src/pwx/container/TDoubleRing.h" />
		<Unit filename="../src/pwx/container/TQueue.h" />
		<Unit filename="../src/pwx/container/TSet.h" />
		<Unit filename="../src/pwx/container/TSingleList.h" />
		<Unit filename="../src/pwx/container/TSingleRing.h" />
		<Unit filename="../src/pwx/container/TStack.h" />
		<Unit filename="../src/pwx/functions/set_func.h" />
		<Unit filename="../src/pwx/functions/set_fwd.h" />
		<Unit filename="../src/pwx/general.h" />
		<Unit filename="../src/pwx/general/compiler.h" />
		<Unit filename="../src/pwx/general/macros.h" />
		<Unit filename="../src/pwx/general/templates.h" />
		<Unit filename="../src/pwx/internal/CRandomConstants.h" />
		<Unit filename="../src/pwx/internal/CRandomTHash.cpp" />
		<Unit filename="../src/pwx/internal/CRandomTHash.h" />
		<Unit filename="../src/pwx/internal/CRandomTRandom.h" />
		<Unit filename="../src/pwx/internal/CRandomWordConstants.h" />
		<Unit filename="../src/pwx/tools.h" />
		<Unit filename="../src/pwx/tools/StreamHelpers.cpp" />
		<Unit filename="../src/pwx/tools/StreamHelpers.h" />
		<Unit filename="../src/pwx/types.h" />
		<Unit filename="../src/pwx/types/CException.cpp" />
		<Unit filename="../src/pwx/types/CException.h" />
		<Unit filename="../src/pwx/types/CLockable.cpp" />
		<Unit filename="../src/pwx/types/CLockable.h" />
		<Unit filename="../src/pwx/types/TDoubleElement.h" />
		<Unit filename="../src/pwx/types/TSingleElement.h" />
		<Unit filename="../src/pwx/types/TVarDeleter.h" />
		<Unit filename="../src/pwx/worker.h" />
		<Unit filename="../src/pwx/worker/CRandom.cpp" />
		<Unit filename="../src/pwx/worker/CRandom.h" />
		<Extensions>
			<envvars />
			<code_completion />
			<debugger />
			<DoxyBlocks>
				<comment_style block="0" line="0" />
				<doxyfile_project />
				<doxyfile_build />
				<doxyfile_warnings />
				<doxyfile_output />
				<doxyfile_dot />
				<general />
			</DoxyBlocks>
		</Extensions>
	</Project>
</CodeBlocks_project_file>
