<?xml version="1.0" encoding="UTF-8" standalone="yes" ?>
<CodeBlocks_project_file>
	<FileVersion major="1" minor="6" />
	<Project>
		<Option title="pwxLib" />
		<Option makefile_is_custom="1" />
		<Option execution_dir="../../pwxLib" />
		<Option pch_mode="2" />
		<Option compiler="gcc" />
		<Build>
			<Target title="all">
				<Option output="../pwxLib" prefix_auto="1" extension_auto="1" />
				<Option object_output="../build/" />
				<Option type="1" />
				<Option compiler="gcc" />
				<Compiler>
					<Add option="-g" />
				</Compiler>
			</Target>
			<Target title="clean">
				<Option output="../pwxLib" prefix_auto="1" extension_auto="1" />
				<Option object_output="../build/" />
				<Option type="1" />
				<Option compiler="gcc" />
				<Compiler>
					<Add option="-O2" />
				</Compiler>
				<Linker>
					<Add option="-s" />
				</Linker>
			</Target>
		</Build>
		<Compiler>
			<Add option="-Wall" />
		</Compiler>
		<Unit filename="../Makefile" />
		<Unit filename="../build/test/test-libpwx-sym.cpp" />
		<Unit filename="../configure" />
		<Unit filename="../doc/doxyfile.in" />
		<Unit filename="../doc/meson.build" />
		<Unit filename="../meson.build" />
		<Unit filename="../meson_options.txt" />
		<Unit filename="../src/arg_handler/CArgCallback.cpp" />
		<Unit filename="../src/arg_handler/CArgCallback.h" />
		<Unit filename="../src/arg_handler/CArgHandler.cpp" />
		<Unit filename="../src/arg_handler/CArgHandler.h" />
		<Unit filename="../src/arg_handler/TArgTarget.cpp" />
		<Unit filename="../src/arg_handler/TArgTarget.h" />
		<Unit filename="../src/arg_handler/VArgTargetBase.cpp" />
		<Unit filename="../src/arg_handler/VArgTargetBase.h" />
		<Unit filename="../src/arg_handler/eArgErrorNumber.h" />
		<Unit filename="../src/arg_handler/eArgSetType.h" />
		<Unit filename="../src/arg_handler/eArgTargetType.h" />
		<Unit filename="../src/arg_handler/meson.build" />
		<Unit filename="../src/arg_handler/sArgError.cpp" />
		<Unit filename="../src/arg_handler/sArgError.h" />
		<Unit filename="../src/basic/CException.cpp" />
		<Unit filename="../src/basic/CException.h" />
		<Unit filename="../src/basic/CLockGuard.cpp" />
		<Unit filename="../src/basic/CLockGuard.h" />
		<Unit filename="../src/basic/CLockable.cpp" />
		<Unit filename="../src/basic/CLockable.h" />
		<Unit filename="../src/basic/debug.cpp" />
		<Unit filename="../src/basic/meson.build" />
		<Unit filename="../src/basic/pwx_compiler.h" />
		<Unit filename="../src/basic/pwx_debug.h" />
		<Unit filename="../src/basic/pwx_macros.h" />
		<Unit filename="../src/basic/pwx_templates.h" />
		<Unit filename="../src/basic/pwx_types.h" />
		<Unit filename="../src/container/CHashBuilder.cpp" />
		<Unit filename="../src/container/CThreadElementStore.cpp" />
		<Unit filename="../src/container/VContainer.cpp" />
		<Unit filename="../src/container/VElement.cpp" />
		<Unit filename="../src/container/meson.build" />
		<Unit filename="../src/container/CHashBuilder.h" />
		<Unit filename="../src/container/CThreadElementStore.h" />
		<Unit filename="../src/container/TChainHash.h" />
		<Unit filename="../src/container/TDoubleElement.h" />
		<Unit filename="../src/container/TDoubleList.h" />
		<Unit filename="../src/container/TDoubleRing.h" />
		<Unit filename="../src/container/THashElement.h" />
		<Unit filename="../src/container/TOpenHash.h" />
		<Unit filename="../src/container/TQueue.h" />
		<Unit filename="../src/container/TSet.h" />
		<Unit filename="../src/container/TSingleElement.h" />
		<Unit filename="../src/container/TSingleList.h" />
		<Unit filename="../src/container/TSingleRing.h" />
		<Unit filename="../src/container/TStack.h" />
		<Unit filename="../src/container/TVarDeleter.h" />
		<Unit filename="../src/container/VContainer.h" />
		<Unit filename="../src/container/VElement.h" />
		<Unit filename="../src/container/VTHashBase.h" />
		<Unit filename="../src/functions/meson.build" />
		<Unit filename="../src/functions/pwx_set_func.h" />
		<Unit filename="../src/functions/pwx_set_fwd.h" />
		<Unit filename="../src/libpwx/meson.build" />
		<Unit filename="../src/libpwx/basic.h" />
		<Unit filename="../src/libpwx/containers.h" />
		<Unit filename="../src/libpwx/tools.h" />
		<Unit filename="../src/libpwx/utils.h" />
		<Unit filename="../src/libpwx/worker_PAH.cpp" />
		<Unit filename="../src/libpwx/worker_PAH.h" />
		<Unit filename="../src/libpwx/worker_RNG.cpp" />
		<Unit filename="../src/libpwx/worker_RNG.h" />
		<Unit filename="../src/libpwx/worker_SCT.cpp" />
		<Unit filename="../src/libpwx/worker_SCT.h" />
		<Unit filename="../src/libpwx/workers.cpp" />
		<Unit filename="../src/libpwx/workers.h" />
		<Unit filename="../src/libpwx/pwxlib.h" />
		<Unit filename="../src/libpwx/pwxlib.pc.in" />
		<Unit filename="../src/libpwx/pwxlib.sym" />
		<Unit filename="../src/math_helpers/CSinCosTable.cpp" />
		<Unit filename="../src/math_helpers/MathHelpers.cpp" />
		<Unit filename="../src/math_helpers/meson.build" />
		<Unit filename="../src/math_helpers/CSinCosTable.h" />
		<Unit filename="../src/math_helpers/pwxMathHelpers.h" />
		<Unit filename="../src/random/CRandom.cpp" />
		<Unit filename="../src/random/CRandomConstants.h" />
		<Unit filename="../src/random/CRandomTHash.cpp" />
		<Unit filename="../src/random/CRandomTHash.h" />
		<Unit filename="../src/random/CRandomTRandom.cpp" />
		<Unit filename="../src/random/CRandomTRandom.h" />
		<Unit filename="../src/random/CRandomWordConstants.h" />
		<Unit filename="../src/random/eNameSourceType.cpp" />
		<Unit filename="../src/random/meson.build" />
		<Unit filename="../src/random/pwxCRandom.h" />
		<Unit filename="../src/random/pwx_eNameSourceType.h" />
		<Unit filename="../src/stream_helpers/StreamHelpers.cpp" />
		<Unit filename="../src/stream_helpers/meson.build" />
		<Unit filename="../src/stream_helpers/pwxStreamHelpers.h" />
		<Unit filename="../src/wavecolor/CWaveColor.cpp" />
		<Unit filename="../src/wavecolor/meson.build" />
		<Unit filename="../src/wavecolor/pwxCWaveColor.h" />
		<Unit filename="../test/cluster_check.cpp" />
		<Unit filename="../test/cluster_check.h" />
		<Unit filename="../test/destroy.cpp" />
		<Unit filename="../test/destroy.h" />
		<Unit filename="../test/env.h" />
		<Unit filename="../test/generate-sym-test.py" />
		<Unit filename="../test/hash_builder.cpp" />
		<Unit filename="../test/hash_builder.h" />
		<Unit filename="../test/meson.build" />
		<Unit filename="../test/namegen.cpp" />
		<Unit filename="../test/testColor.cpp" />
		<Unit filename="../test/testColor.h" />
		<Unit filename="../test/testHash.h" />
		<Unit filename="../test/testListRing.h" />
		<Unit filename="../test/testPAH.cpp" />
		<Unit filename="../test/testPAH.h" />
		<Unit filename="../test/testRNG.cpp" />
		<Unit filename="../test/testRNG.h" />
		<Unit filename="../test/testRNG_func.cpp" />
		<Unit filename="../test/testRNG_func.h" />
		<Unit filename="../test/testSCT.cpp" />
		<Unit filename="../test/testSCT.h" />
		<Unit filename="../test/testSet.h" />
		<Unit filename="../test/testSpeed.h" />
		<Unit filename="../test/testStackQueue.h" />
		<Unit filename="../test/testThreads.h" />
		<Unit filename="../test/test_lib.cpp" />
		<Unit filename="../test/test_lib.h" />
		<Unit filename="../test/torture.cpp" />
		<Unit filename="../test/torture.h" />
		<Extensions>
			<code_completion />
			<envvars />
			<lib_finder disable_auto="1" />
			<debugger />
		</Extensions>
	</Project>
</CodeBlocks_project_file>
