<?xml version="1.0" encoding="UTF-8" standalone="yes" ?>
<CodeBlocks_project_file>
	<FileVersion major="1" minor="6" />
	<Project>
		<Option title="pwxLib" />
		<Option makefile_is_custom="1" />
		<Option execution_dir="../../pwxLib" />
		<Option pch_mode="2" />
		<Option compiler="gcc" />
		<Build>
			<Target title="all">
				<Option output="../pwxLib" prefix_auto="1" extension_auto="1" />
				<Option object_output="../build/" />
				<Option type="1" />
				<Option compiler="gcc" />
				<Compiler>
					<Add option="-g" />
				</Compiler>
			</Target>
			<Target title="clean">
				<Option output="../pwxLib" prefix_auto="1" extension_auto="1" />
				<Option object_output="../build/" />
				<Option type="1" />
				<Option compiler="gcc" />
				<Compiler>
					<Add option="-O2" />
				</Compiler>
				<Linker>
					<Add option="-s" />
				</Linker>
			</Target>
		</Build>
		<Compiler>
			<Add option="-Wall" />
		</Compiler>
		<Unit filename="../Makefile" />
		<Unit filename="../configure" />
		<Unit filename="../meson.build" />
		<Unit filename="../meson_options.txt" />
		<Unit filename="../src/arg_handler/CArgCallback.cpp" />
		<Unit filename="../src/arg_handler/CArgCallback.h" />
		<Unit filename="../src/arg_handler/CArgHandler.cpp" />
		<Unit filename="../src/arg_handler/CArgHandler.h" />
		<Unit filename="../src/arg_handler/TArgTarget.cpp" />
		<Unit filename="../src/arg_handler/TArgTarget.h" />
		<Unit filename="../src/arg_handler/VArgTargetBase.cpp" />
		<Unit filename="../src/arg_handler/VArgTargetBase.h" />
		<Unit filename="../src/arg_handler/eArgErrorNumber.h" />
		<Unit filename="../src/arg_handler/eArgSetType.h" />
		<Unit filename="../src/arg_handler/eArgTargetType.h" />
		<Unit filename="../src/arg_handler/meson.build" />
		<Unit filename="../src/arg_handler/sArgError.cpp" />
		<Unit filename="../src/arg_handler/sArgError.h" />
		<Unit filename="../src/basic/CException.cpp" />
		<Unit filename="../src/basic/CException.h" />
		<Unit filename="../src/basic/CLockGuard.cpp" />
		<Unit filename="../src/basic/CLockGuard.h" />
		<Unit filename="../src/basic/CLockable.cpp" />
		<Unit filename="../src/basic/CLockable.h" />
		<Unit filename="../src/basic/StreamHelpers.cpp" />
		<Unit filename="../src/basic/StreamHelpers.h" />
		<Unit filename="../src/basic/compiler.h" />
		<Unit filename="../src/basic/macros.h" />
		<Unit filename="../src/basic/meson.build" />
		<Unit filename="../src/basic/templates.h" />
		<Unit filename="../src/basic/types.h" />
		<Unit filename="../src/container/CHashBuilder.cpp" />
		<Unit filename="../src/container/CHashBuilder.h" />
		<Unit filename="../src/container/CThreadElementStore.cpp" />
		<Unit filename="../src/container/CThreadElementStore.h" />
		<Unit filename="../src/container/TChainHash.h" />
		<Unit filename="../src/container/TDoubleElement.h" />
		<Unit filename="../src/container/TDoubleList.h" />
		<Unit filename="../src/container/TDoubleRing.h" />
		<Unit filename="../src/container/THashElement.h" />
		<Unit filename="../src/container/TOpenHash.h" />
		<Unit filename="../src/container/TQueue.h" />
		<Unit filename="../src/container/TSet.h" />
		<Unit filename="../src/container/TSingleElement.h" />
		<Unit filename="../src/container/TSingleList.h" />
		<Unit filename="../src/container/TSingleRing.h" />
		<Unit filename="../src/container/TStack.h" />
		<Unit filename="../src/container/TVarDeleter.h" />
		<Unit filename="../src/container/VContainer.cpp" />
		<Unit filename="../src/container/VContainer.h" />
		<Unit filename="../src/container/VElement.cpp" />
		<Unit filename="../src/container/VElement.h" />
		<Unit filename="../src/container/VTHashBase.h" />
		<Unit filename="../src/container/meson.build" />
		<Unit filename="../src/functions/debug.cpp" />
		<Unit filename="../src/functions/debug.h" />
		<Unit filename="../src/functions/meson.build" />
		<Unit filename="../src/functions/set_func.h" />
		<Unit filename="../src/functions/set_fwd.h" />
		<Unit filename="../src/libpwx/pwx.h" />
		<Unit filename="../src/math_helpers/CSinCosTable.cpp" />
		<Unit filename="../src/math_helpers/CSinCosTable.h" />
		<Unit filename="../src/math_helpers/CWaveColor.cpp" />
		<Unit filename="../src/math_helpers/CWaveColor.h" />
		<Unit filename="../src/math_helpers/MathHelpers.cpp" />
		<Unit filename="../src/math_helpers/MathHelpers.h" />
		<Unit filename="../src/math_helpers/meson.build" />
		<Unit filename="../src/random/CRandom.cpp" />
		<Unit filename="../src/random/CRandom.h" />
		<Unit filename="../src/random/CRandomConstants.h" />
		<Unit filename="../src/random/CRandomTHash.cpp" />
		<Unit filename="../src/random/CRandomTHash.h" />
		<Unit filename="../src/random/CRandomTRandom.cpp" />
		<Unit filename="../src/random/CRandomTRandom.h" />
		<Unit filename="../src/random/CRandomWordConstants.h" />
		<Unit filename="../src/random/eNameSourceType.cpp" />
		<Unit filename="../src/random/eNameSourceType.h" />
		<Unit filename="../src/random/meson.build" />
		<Extensions>
			<code_completion />
			<envvars />
			<lib_finder disable_auto="1" />
			<debugger />
		</Extensions>
	</Project>
</CodeBlocks_project_file>
